
Microsoft Visual Studio Solution File, Format Version 12.00
# Visual Studio Version 16
VisualStudioVersion = 16.0.29001.49
MinimumVisualStudioVersion = 10.0.40219.1
Project("{FAE04EC0-301F-11D3-BF4B-00C04F79EFBC}") = "OODB", "OODB\OODB.csproj", "{4F9ACDF4-3EDB-4747-8B34-C0F71BCE508C}"
EndProject
Project("{FAE04EC0-301F-11D3-BF4B-00C04F79EFBC}") = "Common", "Common\Common.csproj", "{63D186BE-3B47-412B-B5EF-B06B0E72FA57}"
EndProject
Project("{2150E333-8FDC-42A3-9474-1A3956D46DE8}") = "Model", "Model", "{1A473715-B32F-462C-A9AD-2DD6687DF724}"
EndProject
Project("{FAE04EC0-301F-11D3-BF4B-00C04F79EFBC}") = "Base", "Base\Base.csproj", "{44D88877-852C-4114-A432-47241A2386CD}"
EndProject
Global
	GlobalSection(SolutionConfigurationPlatforms) = preSolution
		Debug|Any CPU = Debug|Any CPU
		Release|Any CPU = Release|Any CPU
	EndGlobalSection
	GlobalSection(ProjectConfigurationPlatforms) = postSolution
		{4F9ACDF4-3EDB-4747-8B34-C0F71BCE508C}.Debug|Any CPU.ActiveCfg = Debug|Any CPU
		{4F9ACDF4-3EDB-4747-8B34-C0F71BCE508C}.Debug|Any CPU.Build.0 = Debug|Any CPU
		{4F9ACDF4-3EDB-4747-8B34-C0F71BCE508C}.Release|Any CPU.ActiveCfg = Release|Any CPU
		{4F9ACDF4-3EDB-4747-8B34-C0F71BCE508C}.Release|Any CPU.Build.0 = Release|Any CPU
		{63D186BE-3B47-412B-B5EF-B06B0E72FA57}.Debug|Any CPU.ActiveCfg = Debug|Any CPU
		{63D186BE-3B47-412B-B5EF-B06B0E72FA57}.Debug|Any CPU.Build.0 = Debug|Any CPU
		{63D186BE-3B47-412B-B5EF-B06B0E72FA57}.Release|Any CPU.ActiveCfg = Release|Any CPU
		{63D186BE-3B47-412B-B5EF-B06B0E72FA57}.Release|Any CPU.Build.0 = Release|Any CPU
		{44D88877-852C-4114-A432-47241A2386CD}.Debug|Any CPU.ActiveCfg = Debug|Any CPU
		{44D88877-852C-4114-A432-47241A2386CD}.Debug|Any CPU.Build.0 = Debug|Any CPU
		{44D88877-852C-4114-A432-47241A2386CD}.Release|Any CPU.ActiveCfg = Release|Any CPU
		{44D88877-852C-4114-A432-47241A2386CD}.Release|Any CPU.Build.0 = Release|Any CPU
	EndGlobalSection
	GlobalSection(SolutionProperties) = preSolution
		HideSolutionNode = FALSE
	EndGlobalSection
	GlobalSection(NestedProjects) = preSolution
		{44D88877-852C-4114-A432-47241A2386CD} = {1A473715-B32F-462C-A9AD-2DD6687DF724}
	EndGlobalSection
	GlobalSection(ExtensibilityGlobals) = postSolution
		SolutionGuid = {784EF6D0-BF1E-4BA1-84DD-56229BFF3919}
	EndGlobalSection
EndGlobal
