
Microsoft Visual Studio Solution File, Format Version 12.00
# Visual Studio Version 16
VisualStudioVersion = 16.0.29001.49
MinimumVisualStudioVersion = 10.0.40219.1
Project("{FAE04EC0-301F-11D3-BF4B-00C04F79EFBC}") = "DapperConsole", "DapperConsole\DapperConsole.csproj", "{43A1D945-2233-404F-8547-3D87DC3E0545}"
EndProject
Global
	GlobalSection(SolutionConfigurationPlatforms) = preSolution
		Debug|Any CPU = Debug|Any CPU
		Release|Any CPU = Release|Any CPU
	EndGlobalSection
	GlobalSection(ProjectConfigurationPlatforms) = postSolution
		{43A1D945-2233-404F-8547-3D87DC3E0545}.Debug|Any CPU.ActiveCfg = Debug|Any CPU
		{43A1D945-2233-404F-8547-3D87DC3E0545}.Debug|Any CPU.Build.0 = Debug|Any CPU
		{43A1D945-2233-404F-8547-3D87DC3E0545}.Release|Any CPU.ActiveCfg = Release|Any CPU
		{43A1D945-2233-404F-8547-3D87DC3E0545}.Release|Any CPU.Build.0 = Release|Any CPU
	EndGlobalSection
	GlobalSection(SolutionProperties) = preSolution
		HideSolutionNode = FALSE
	EndGlobalSection
	GlobalSection(ExtensibilityGlobals) = postSolution
		SolutionGuid = {F7AEEA59-1701-41D1-9E3E-B72991DFB84B}
	EndGlobalSection
EndGlobal
